certifi==2025.6.15 --hash=sha256:2e0c7ce7cb5d8f8634ca55d2ba7e6ec2689a2fd6537d8dec1296a477a4910057
charset-normalizer==3.4.2 --hash=sha256:aa88ca0b1932e93f2d961bf3addbb2db902198dca337d88c89e1559e066e7645 --hash=sha256:be1e352acbe3c78727a16a455126d9ff83ea2dfdcbc83148d2982305a04714c2 --hash=sha256:fdb20a30fe1175ecabed17cbf7812f7b804b8a315a25f24678bcdf120a90077f
docker==7.1.0 --hash=sha256:c96b93b7f0a746f9e77d325bcfb87422a3d8bd4f03136ae8a85b37f1898d5fc0
idna==3.15 --hash=sha256:048adeaf8c2d788c40fee287673ccaa74c24ffd8dcf09ffa555a2fbb59f10ac8
numpy==2.3.1 --hash=sha256:467db865b392168ceb1ef1ffa6f5a86e62468c43e0cfb4ab6da667ede10e58db --hash=sha256:5ccb7336eaf0e77c1635b232c141846493a588ec9ea777a7c24d7166bb8533ae --hash=sha256:6ea9e48336a402551f52cd8f593343699003d2353daa4b72ce8d34f66b722070 --hash=sha256:afed2ce4a84f6b0fc6c1ce734ff368cbf5a5e24e8954a338f3bdffa0718adffb
pandas==2.3.1 --hash=sha256:2b0540963d83431f5ce8870ea02a7430adca100cec8a050f0811f8e31035541b --hash=sha256:3462c3735fe19f2638f2c3a40bd94ec2dc5ba13abbb032dd2fa1f540a075509d --hash=sha256:e6723a27ad7b244c0c79d8e7007092d7c8f0f11305770e2f4cd778b3ad5f9f85 --hash=sha256:fe7317f578c6a153912bd2292f02e40c1d8f253e93c599e82620c7f69755c74f
python-dateutil==2.9.0.post0 --hash=sha256:a8b2bc7bffae282281c8140a97d3aa9c14da0b136dfe83f850eea9a5f7470427
pytz==2025.2 --hash=sha256:5ddf76296dd8c44c26eb8f4b6f35488f3ccbf6fbbd7adee0b7262d43f0ec2f00
requests==2.33.0 --hash=sha256:3324635456fa185245e24865e810cecec7b4caf933d7eb133dcde67d48cee69b
six==1.17.0 --hash=sha256:4721f391ed90541fddacab5acf947aa0d3dc7d27b2e1e8eda2be8970586c3274
tqdm==4.67.1 --hash=sha256:26445eca388f82e72884e0d580d5464cd801a3ea01e63e5601bdff9ba6a48de2
tzdata==2025.2 --hash=sha256:1a403fada01ff9221ca8044d701868fa132215d84beb92242d9acd2147f667a8
urllib3==2.7.0 --hash=sha256:9fb4c81ebbb1ce9531cce37674bbc6f1360472bc18ca9a553ede278ef7276897
